
Microsoft Visual Studio Solution File, Format Version 12.00
# Visual Studio Version 16
VisualStudioVersion = 16.0.31105.61
MinimumVisualStudioVersion = 10.0.40219.1
Project("{FAE04EC0-301F-11D3-BF4B-00C04F79EFBC}") = "BaconPancakes", "BaconPancakes\BaconPancakes.csproj", "{4CFD631D-7411-474D-9776-C7C7378D6450}"
EndProject
Global
	GlobalSection(SolutionConfigurationPlatforms) = preSolution
		Debug|Any CPU = Debug|Any CPU
		Release|Any CPU = Release|Any CPU
	EndGlobalSection
	GlobalSection(ProjectConfigurationPlatforms) = postSolution
		{4CFD631D-7411-474D-9776-C7C7378D6450}.Debug|Any CPU.ActiveCfg = Debug|Any CPU
		{4CFD631D-7411-474D-9776-C7C7378D6450}.Debug|Any CPU.Build.0 = Debug|Any CPU
		{4CFD631D-7411-474D-9776-C7C7378D6450}.Release|Any CPU.ActiveCfg = Release|Any CPU
		{4CFD631D-7411-474D-9776-C7C7378D6450}.Release|Any CPU.Build.0 = Release|Any CPU
	EndGlobalSection
	GlobalSection(SolutionProperties) = preSolution
		HideSolutionNode = FALSE
	EndGlobalSection
	GlobalSection(ExtensibilityGlobals) = postSolution
		SolutionGuid = {E11B4E21-E1BD-4D46-AC9F-913AB593EB0E}
	EndGlobalSection
EndGlobal
